
Microsoft Visual Studio Solution File, Format Version 12.00
# Visual Studio Version 16
VisualStudioVersion = 16.0.31129.286
MinimumVisualStudioVersion = 10.0.40219.1
Project("{FAE04EC0-301F-11D3-BF4B-00C04F79EFBC}") = "Glow", "Glow\Glow.csproj", "{1F108CCF-7DE4-4355-845D-931386EB5D69}"
EndProject
Global
	GlobalSection(SolutionConfigurationPlatforms) = preSolution
		Debug|Any CPU = Debug|Any CPU
		Release|Any CPU = Release|Any CPU
	EndGlobalSection
	GlobalSection(ProjectConfigurationPlatforms) = postSolution
		{1F108CCF-7DE4-4355-845D-931386EB5D69}.Debug|Any CPU.ActiveCfg = Debug|Any CPU
		{1F108CCF-7DE4-4355-845D-931386EB5D69}.Debug|Any CPU.Build.0 = Debug|Any CPU
		{1F108CCF-7DE4-4355-845D-931386EB5D69}.Release|Any CPU.ActiveCfg = Release|Any CPU
		{1F108CCF-7DE4-4355-845D-931386EB5D69}.Release|Any CPU.Build.0 = Release|Any CPU
	EndGlobalSection
	GlobalSection(SolutionProperties) = preSolution
		HideSolutionNode = FALSE
	EndGlobalSection
	GlobalSection(ExtensibilityGlobals) = postSolution
		SolutionGuid = {D8DEA9D1-631F-4F5E-9D71-BAAF3E512D5B}
	EndGlobalSection
EndGlobal
